
Microsoft Visual Studio Solution File, Format Version 12.00
# Visual Studio Version 17
VisualStudioVersion = 17.3.32901.215
MinimumVisualStudioVersion = 10.0.40219.1
Project("{9A19103F-16F7-4668-BE54-9A1E7A4F7556}") = "VidaAutistaDotnet.API", "VidaAutistaDotnet\VidaAutistaDotnet.API.csproj", "{766D6DB4-0B18-4E95-8686-FD62680516EF}"
EndProject
Project("{FAE04EC0-301F-11D3-BF4B-00C04F79EFBC}") = "VidaAutistaDotnet.Application", "VidaAutistaDotnet.Application\VidaAutistaDotnet.Application.csproj", "{9CF888ED-2E1D-4926-B61A-4A3B309E3955}"
EndProject
Project("{FAE04EC0-301F-11D3-BF4B-00C04F79EFBC}") = "VidaAutistaDotnet.Domain", "VidaAutistaDotnet.Domain\VidaAutistaDotnet.Domain.csproj", "{03C6809F-C43F-420E-AAED-1F67B87C94FC}"
EndProject
Project("{FAE04EC0-301F-11D3-BF4B-00C04F79EFBC}") = "VidaAutistaDotnet.Infra.Data", "VidaAutistaDotnet.Infra.Data\VidaAutistaDotnet.Infra.Data.csproj", "{046EAAA1-3B89-41D6-A8F6-79816406DA78}"
EndProject
Project("{FAE04EC0-301F-11D3-BF4B-00C04F79EFBC}") = "VidaAutistaDotnet.Infra.IoC", "VidaAutistaDotnet.Infra.IoC\VidaAutistaDotnet.Infra.IoC.csproj", "{30F2E20F-C5AD-4082-9D38-19832070FDAB}"
EndProject
Global
	GlobalSection(SolutionConfigurationPlatforms) = preSolution
		Debug|Any CPU = Debug|Any CPU
		Release|Any CPU = Release|Any CPU
	EndGlobalSection
	GlobalSection(ProjectConfigurationPlatforms) = postSolution
		{766D6DB4-0B18-4E95-8686-FD62680516EF}.Debug|Any CPU.ActiveCfg = Debug|Any CPU
		{766D6DB4-0B18-4E95-8686-FD62680516EF}.Debug|Any CPU.Build.0 = Debug|Any CPU
		{766D6DB4-0B18-4E95-8686-FD62680516EF}.Release|Any CPU.ActiveCfg = Release|Any CPU
		{766D6DB4-0B18-4E95-8686-FD62680516EF}.Release|Any CPU.Build.0 = Release|Any CPU
		{9CF888ED-2E1D-4926-B61A-4A3B309E3955}.Debug|Any CPU.ActiveCfg = Debug|Any CPU
		{9CF888ED-2E1D-4926-B61A-4A3B309E3955}.Debug|Any CPU.Build.0 = Debug|Any CPU
		{9CF888ED-2E1D-4926-B61A-4A3B309E3955}.Release|Any CPU.ActiveCfg = Release|Any CPU
		{9CF888ED-2E1D-4926-B61A-4A3B309E3955}.Release|Any CPU.Build.0 = Release|Any CPU
		{03C6809F-C43F-420E-AAED-1F67B87C94FC}.Debug|Any CPU.ActiveCfg = Debug|Any CPU
		{03C6809F-C43F-420E-AAED-1F67B87C94FC}.Debug|Any CPU.Build.0 = Debug|Any CPU
		{03C6809F-C43F-420E-AAED-1F67B87C94FC}.Release|Any CPU.ActiveCfg = Release|Any CPU
		{03C6809F-C43F-420E-AAED-1F67B87C94FC}.Release|Any CPU.Build.0 = Release|Any CPU
		{046EAAA1-3B89-41D6-A8F6-79816406DA78}.Debug|Any CPU.ActiveCfg = Debug|Any CPU
		{046EAAA1-3B89-41D6-A8F6-79816406DA78}.Debug|Any CPU.Build.0 = Debug|Any CPU
		{046EAAA1-3B89-41D6-A8F6-79816406DA78}.Release|Any CPU.ActiveCfg = Release|Any CPU
		{046EAAA1-3B89-41D6-A8F6-79816406DA78}.Release|Any CPU.Build.0 = Release|Any CPU
		{30F2E20F-C5AD-4082-9D38-19832070FDAB}.Debug|Any CPU.ActiveCfg = Debug|Any CPU
		{30F2E20F-C5AD-4082-9D38-19832070FDAB}.Debug|Any CPU.Build.0 = Debug|Any CPU
		{30F2E20F-C5AD-4082-9D38-19832070FDAB}.Release|Any CPU.ActiveCfg = Release|Any CPU
		{30F2E20F-C5AD-4082-9D38-19832070FDAB}.Release|Any CPU.Build.0 = Release|Any CPU
	EndGlobalSection
	GlobalSection(SolutionProperties) = preSolution
		HideSolutionNode = FALSE
	EndGlobalSection
	GlobalSection(ExtensibilityGlobals) = postSolution
		SolutionGuid = {A3F3728A-0BE2-45BC-8D79-41268DAEDDB5}
	EndGlobalSection
EndGlobal
